// !$*UTF8*$!
{
	archiveVersion = 1;
	classes = {
	};
	objectVersion = 77;
	objects = {

/* Begin PBXBuildFile section */
		B95B5BD02E31C341006AFFA5 /* tick.wav in Resources */ = {isa = PBXBuildFile; fileRef = B95B5BCF2E31C341006AFFA5 /* tick.wav */; };
		B95B5BD12E31C341006AFFA5 /* bell.wav in Resources */ = {isa = PBXBuildFile; fileRef = B95B5BCE2E31C341006AFFA5 /* bell.wav */; };
/* End PBXBuildFile section */

/* Begin PBXContainerItemProxy section */
		B95B5BB02E31C2B8006AFFA5 /* PBXContainerItemProxy */ = {
			isa = PBXContainerItemProxy;
			containerPortal = B95B5B9A2E31C2B7006AFFA5 /* Project object */;
			proxyType = 1;
			remoteGlobalIDString = B95B5BA12E31C2B7006AFFA5;
			remoteInfo = pomodoro;
		};
		B95B5BBA2E31C2B8006AFFA5 /* PBXContainerItemProxy */ = {
			isa = PBXContainerItemProxy;
			containerPortal = B95B5B9A2E31C2B7006AFFA5 /* Project object */;
			proxyType = 1;
			remoteGlobalIDString = B95B5BA12E31C2B7006AFFA5;
			remoteInfo = pomodoro;
		};
/* End PBXContainerItemProxy section */

/* Begin PBXFileReference section */
		B95B5BA22E31C2B7006AFFA5 /* pomodoro.app */ = {isa = PBXFileReference; explicitFileType = wrapper.application; includeInIndex = 0; path = pomodoro.app; sourceTree = BUILT_PRODUCTS_DIR; };
		B95B5BAF2E31C2B8006AFFA5 /* pomodoroTests.xctest */ = {isa = PBXFileReference; explicitFileType = wrapper.cfbundle; includeInIndex = 0; path = pomodoroTests.xctest; sourceTree = BUILT_PRODUCTS_DIR; };
		B95B5BB92E31C2B8006AFFA5 /* pomodoroUITests.xctest */ = {isa = PBXFileReference; explicitFileType = wrapper.cfbundle; includeInIndex = 0; path = pomodoroUITests.xctest; sourceTree = BUILT_PRODUCTS_DIR; };
		B95B5BCE2E31C341006AFFA5 /* bell.wav */ = {isa = PBXFileReference; lastKnownFileType = audio.wav; path = bell.wav; sourceTree = "<group>"; };
		B95B5BCF2E31C341006AFFA5 /* tick.wav */ = {isa = PBXFileReference; lastKnownFileType = audio.wav; path = tick.wav; sourceTree = "<group>"; };
/* End PBXFileReference section */

/* Begin PBXFileSystemSynchronizedBuildFileExceptionSet section */
		B942A5002E32914800E11863 /* Exceptions for "pomodoro" folder in "pomodoro" target */ = {
			isa = PBXFileSystemSynchronizedBuildFileExceptionSet;
			membershipExceptions = (
				BusinessLogic/PomodoroAudio.swift,
			);
			target = B95B5BA12E31C2B7006AFFA5 /* pomodoro */;
		};
/* End PBXFileSystemSynchronizedBuildFileExceptionSet section */

/* Begin PBXFileSystemSynchronizedRootGroup section */
		B95B5BA42E31C2B7006AFFA5 /* pomodoro */ = {
			isa = PBXFileSystemSynchronizedRootGroup;
			exceptions = (
				B942A5002E32914800E11863 /* Exceptions for "pomodoro" folder in "pomodoro" target */,
			);
			path = pomodoro;
			sourceTree = "<group>";
		};
		B95B5BB22E31C2B8006AFFA5 /* pomodoroTests */ = {
			isa = PBXFileSystemSynchronizedRootGroup;
			path = pomodoroTests;
			sourceTree = "<group>";
		};
		B95B5BBC2E31C2B8006AFFA5 /* pomodoroUITests */ = {
			isa = PBXFileSystemSynchronizedRootGroup;
			path = pomodoroUITests;
			sourceTree = "<group>";
		};
/* End PBXFileSystemSynchronizedRootGroup section */

/* Begin PBXFrameworksBuildPhase section */
		B95B5B9F2E31C2B7006AFFA5 /* Frameworks */ = {
			isa = PBXFrameworksBuildPhase;
			buildActionMask = 2147483647;
			files = (
			);
			runOnlyForDeploymentPostprocessing = 0;
		};
		B95B5BAC2E31C2B8006AFFA5 /* Frameworks */ = {
			isa = PBXFrameworksBuildPhase;
			buildActionMask = 2147483647;
			files = (
			);
			runOnlyForDeploymentPostprocessing = 0;
		};
		B95B5BB62E31C2B8006AFFA5 /* Frameworks */ = {
			isa = PBXFrameworksBuildPhase;
			buildActionMask = 2147483647;
			files = (
			);
			runOnlyForDeploymentPostprocessing = 0;
		};
/* End PBXFrameworksBuildPhase section */

/* Begin PBXGroup section */
		B95B5B992E31C2B7006AFFA5 = {
			isa = PBXGroup;
			children = (
				B95B5BA42E31C2B7006AFFA5 /* pomodoro */,
				B95B5BB22E31C2B8006AFFA5 /* pomodoroTests */,
				B95B5BBC2E31C2B8006AFFA5 /* pomodoroUITests */,
				B95B5BA32E31C2B7006AFFA5 /* Products */,
				B95B5BCD2E31C317006AFFA5 /* Sounds */,
			);
			sourceTree = "<group>";
		};
		B95B5BA32E31C2B7006AFFA5 /* Products */ = {
			isa = PBXGroup;
			children = (
				B95B5BA22E31C2B7006AFFA5 /* pomodoro.app */,
				B95B5BAF2E31C2B8006AFFA5 /* pomodoroTests.xctest */,
				B95B5BB92E31C2B8006AFFA5 /* pomodoroUITests.xctest */,
			);
			name = Products;
			sourceTree = "<group>";
		};
		B95B5BCD2E31C317006AFFA5 /* Sounds */ = {
			isa = PBXGroup;
			children = (
				B95B5BCE2E31C341006AFFA5 /* bell.wav */,
				B95B5BCF2E31C341006AFFA5 /* tick.wav */,
			);
			path = Sounds;
			sourceTree = "<group>";
		};
/* End PBXGroup section */

/* Begin PBXNativeTarget section */
		B95B5BA12E31C2B7006AFFA5 /* pomodoro */ = {
			isa = PBXNativeTarget;
			buildConfigurationList = B95B5BC32E31C2B8006AFFA5 /* Build configuration list for PBXNativeTarget "pomodoro" */;
			buildPhases = (
				B95B5B9E2E31C2B7006AFFA5 /* Sources */,
				B95B5B9F2E31C2B7006AFFA5 /* Frameworks */,
				B95B5BA02E31C2B7006AFFA5 /* Resources */,
			);
			buildRules = (
			);
			dependencies = (
			);
			fileSystemSynchronizedGroups = (
				B95B5BA42E31C2B7006AFFA5 /* pomodoro */,
			);
			name = pomodoro;
			packageProductDependencies = (
			);
			productName = pomodoro;
			productReference = B95B5BA22E31C2B7006AFFA5 /* pomodoro.app */;
			productType = "com.apple.product-type.application";
		};
		B95B5BAE2E31C2B8006AFFA5 /* pomodoroTests */ = {
			isa = PBXNativeTarget;
			buildConfigurationList = B95B5BC62E31C2B8006AFFA5 /* Build configuration list for PBXNativeTarget "pomodoroTests" */;
			buildPhases = (
				B95B5BAB2E31C2B8006AFFA5 /* Sources */,
				B95B5BAC2E31C2B8006AFFA5 /* Frameworks */,
				B95B5BAD2E31C2B8006AFFA5 /* Resources */,
			);
			buildRules = (
			);
			dependencies = (
				B95B5BB12E31C2B8006AFFA5 /* PBXTargetDependency */,
			);
			fileSystemSynchronizedGroups = (
				B95B5BB22E31C2B8006AFFA5 /* pomodoroTests */,
			);
			name = pomodoroTests;
			packageProductDependencies = (
			);
			productName = pomodoroTests;
			productReference = B95B5BAF2E31C2B8006AFFA5 /* pomodoroTests.xctest */;
			productType = "com.apple.product-type.bundle.unit-test";
		};
		B95B5BB82E31C2B8006AFFA5 /* pomodoroUITests */ = {
			isa = PBXNativeTarget;
			buildConfigurationList = B95B5BC92E31C2B8006AFFA5 /* Build configuration list for PBXNativeTarget "pomodoroUITests" */;
			buildPhases = (
				B95B5BB52E31C2B8006AFFA5 /* Sources */,
				B95B5BB62E31C2B8006AFFA5 /* Frameworks */,
				B95B5BB72E31C2B8006AFFA5 /* Resources */,
			);
			buildRules = (
			);
			dependencies = (
				B95B5BBB2E31C2B8006AFFA5 /* PBXTargetDependency */,
			);
			fileSystemSynchronizedGroups = (
				B95B5BBC2E31C2B8006AFFA5 /* pomodoroUITests */,
			);
			name = pomodoroUITests;
			packageProductDependencies = (
			);
			productName = pomodoroUITests;
			productReference = B95B5BB92E31C2B8006AFFA5 /* pomodoroUITests.xctest */;
			productType = "com.apple.product-type.bundle.ui-testing";
		};
/* End PBXNativeTarget section */

/* Begin PBXProject section */
		B95B5B9A2E31C2B7006AFFA5 /* Project object */ = {
			isa = PBXProject;
			attributes = {
				BuildIndependentTargetsInParallel = 1;
				LastSwiftUpdateCheck = 1630;
				LastUpgradeCheck = 1630;
				TargetAttributes = {
					B95B5BA12E31C2B7006AFFA5 = {
						CreatedOnToolsVersion = 16.3;
					};
					B95B5BAE2E31C2B8006AFFA5 = {
						CreatedOnToolsVersion = 16.3;
						TestTargetID = B95B5BA12E31C2B7006AFFA5;
					};
					B95B5BB82E31C2B8006AFFA5 = {
						CreatedOnToolsVersion = 16.3;
						TestTargetID = B95B5BA12E31C2B7006AFFA5;
					};
				};
			};
			buildConfigurationList = B95B5B9D2E31C2B7006AFFA5 /* Build configuration list for PBXProject "pomodoro" */;
			developmentRegion = en;
			hasScannedForEncodings = 0;
			knownRegions = (
				en,
				Base,
			);
			mainGroup = B95B5B992E31C2B7006AFFA5;
			minimizedProjectReferenceProxies = 1;
			preferredProjectObjectVersion = 77;
			productRefGroup = B95B5BA32E31C2B7006AFFA5 /* Products */;
			projectDirPath = "";
			projectRoot = "";
			targets = (
				B95B5BA12E31C2B7006AFFA5 /* pomodoro */,
				B95B5BAE2E31C2B8006AFFA5 /* pomodoroTests */,
				B95B5BB82E31C2B8006AFFA5 /* pomodoroUITests */,
			);
		};
/* End PBXProject section */

/* Begin PBXResourcesBuildPhase section */
		B95B5BA02E31C2B7006AFFA5 /* Resources */ = {
			isa = PBXResourcesBuildPhase;
			buildActionMask = 2147483647;
			files = (
				B95B5BD02E31C341006AFFA5 /* tick.wav in Resources */,
				B95B5BD12E31C341006AFFA5 /* bell.wav in Resources */,
			);
			runOnlyForDeploymentPostprocessing = 0;
		};
		B95B5BAD2E31C2B8006AFFA5 /* Resources */ = {
			isa = PBXResourcesBuildPhase;
			buildActionMask = 2147483647;
			files = (
			);
			runOnlyForDeploymentPostprocessing = 0;
		};
		B95B5BB72E31C2B8006AFFA5 /* Resources */ = {
			isa = PBXResourcesBuildPhase;
			buildActionMask = 2147483647;
			files = (
			);
			runOnlyForDeploymentPostprocessing = 0;
		};
/* End PBXResourcesBuildPhase section */

/* Begin PBXSourcesBuildPhase section */
		B95B5B9E2E31C2B7006AFFA5 /* Sources */ = {
			isa = PBXSourcesBuildPhase;
			buildActionMask = 2147483647;
			files = (
			);
			runOnlyForDeploymentPostprocessing = 0;
		};
		B95B5BAB2E31C2B8006AFFA5 /* Sources */ = {
			isa = PBXSourcesBuildPhase;
			buildActionMask = 2147483647;
			files = (
			);
			runOnlyForDeploymentPostprocessing = 0;
		};
		B95B5BB52E31C2B8006AFFA5 /* Sources */ = {
			isa = PBXSourcesBuildPhase;
			buildActionMask = 2147483647;
			files = (
			);
			runOnlyForDeploymentPostprocessing = 0;
		};
/* End PBXSourcesBuildPhase section */

/* Begin PBXTargetDependency section */
		B95B5BB12E31C2B8006AFFA5 /* PBXTargetDependency */ = {
			isa = PBXTargetDependency;
			target = B95B5BA12E31C2B7006AFFA5 /* pomodoro */;
			targetProxy = B95B5BB02E31C2B8006AFFA5 /* PBXContainerItemProxy */;
		};
		B95B5BBB2E31C2B8006AFFA5 /* PBXTargetDependency */ = {
			isa = PBXTargetDependency;
			target = B95B5BA12E31C2B7006AFFA5 /* pomodoro */;
			targetProxy = B95B5BBA2E31C2B8006AFFA5 /* PBXContainerItemProxy */;
		};
/* End PBXTargetDependency section */

/* Begin XCBuildConfiguration section */
		B95B5BC12E31C2B8006AFFA5 /* Debug */ = {
			isa = XCBuildConfiguration;
			buildSettings = {
				ALWAYS_SEARCH_USER_PATHS = NO;
				ASSETCATALOG_COMPILER_GENERATE_SWIFT_ASSET_SYMBOL_EXTENSIONS = YES;
				CLANG_ANALYZER_NONNULL = YES;
				CLANG_ANALYZER_NUMBER_OBJECT_CONVERSION = YES_AGGRESSIVE;
				CLANG_CXX_LANGUAGE_STANDARD = "gnu++20";
				CLANG_ENABLE_MODULES = YES;
				CLANG_ENABLE_OBJC_ARC = YES;
				CLANG_ENABLE_OBJC_WEAK = YES;
				CLANG_WARN_BLOCK_CAPTURE_AUTORELEASING = YES;
				CLANG_WARN_BOOL_CONVERSION = YES;
				CLANG_WARN_COMMA = YES;
				CLANG_WARN_CONSTANT_CONVERSION = YES;
				CLANG_WARN_DEPRECATED_OBJC_IMPLEMENTATIONS = YES;
				CLANG_WARN_DIRECT_OBJC_ISA_USAGE = YES_ERROR;
				CLANG_WARN_DOCUMENTATION_COMMENTS = YES;
				CLANG_WARN_EMPTY_BODY = YES;
				CLANG_WARN_ENUM_CONVERSION = YES;
				CLANG_WARN_INFINITE_RECURSION = YES;
				CLANG_WARN_INT_CONVERSION = YES;
				CLANG_WARN_NON_LITERAL_NULL_CONVERSION = YES;
				CLANG_WARN_OBJC_IMPLICIT_RETAIN_SELF = YES;
				CLANG_WARN_OBJC_LITERAL_CONVERSION = YES;
				CLANG_WARN_OBJC_ROOT_CLASS = YES_ERROR;
				CLANG_WARN_QUOTED_INCLUDE_IN_FRAMEWORK_HEADER = YES;
				CLANG_WARN_RANGE_LOOP_ANALYSIS = YES;
				CLANG_WARN_STRICT_PROTOTYPES = YES;
				CLANG_WARN_SUSPICIOUS_MOVE = YES;
				CLANG_WARN_UNGUARDED_AVAILABILITY = YES_AGGRESSIVE;
				CLANG_WARN_UNREACHABLE_CODE = YES;
				CLANG_WARN__DUPLICATE_METHOD_MATCH = YES;
				COPY_PHASE_STRIP = NO;
				DEBUG_INFORMATION_FORMAT = dwarf;
				ENABLE_STRICT_OBJC_MSGSEND = YES;
				ENABLE_TESTABILITY = YES;
				ENABLE_USER_SCRIPT_SANDBOXING = YES;
				GCC_C_LANGUAGE_STANDARD = gnu17;
				GCC_DYNAMIC_NO_PIC = NO;
				GCC_NO_COMMON_BLOCKS = YES;
				GCC_OPTIMIZATION_LEVEL = 0;
				GCC_PREPROCESSOR_DEFINITIONS = (
					"DEBUG=1",
					"$(inherited)",
				);
				GCC_WARN_64_TO_32_BIT_CONVERSION = YES;
				GCC_WARN_ABOUT_RETURN_TYPE = YES_ERROR;
				GCC_WARN_UNDECLARED_SELECTOR = YES;
				GCC_WARN_UNINITIALIZED_AUTOS = YES_AGGRESSIVE;
				GCC_WARN_UNUSED_FUNCTION = YES;
				GCC_WARN_UNUSED_VARIABLE = YES;
				IPHONEOS_DEPLOYMENT_TARGET = 18.4;
				LOCALIZATION_PREFERS_STRING_CATALOGS = YES;
				MTL_ENABLE_DEBUG_INFO = INCLUDE_SOURCE;
				MTL_FAST_MATH = YES;
				ONLY_ACTIVE_ARCH = YES;
				SDKROOT = iphoneos;
				SWIFT_ACTIVE_COMPILATION_CONDITIONS = "DEBUG $(inherited)";
				SWIFT_OPTIMIZATION_LEVEL = "-Onone";
			};
			name = Debug;
		};
		B95B5BC22E31C2B8006AFFA5 /* Release */ = {
			isa = XCBuildConfiguration;
			buildSettings = {
				ALWAYS_SEARCH_USER_PATHS = NO;
				ASSETCATALOG_COMPILER_GENERATE_SWIFT_ASSET_SYMBOL_EXTENSIONS = YES;
				CLANG_ANALYZER_NONNULL = YES;
				CLANG_ANALYZER_NUMBER_OBJECT_CONVERSION = YES_AGGRESSIVE;
				CLANG_CXX_LANGUAGE_STANDARD = "gnu++20";
				CLANG_ENABLE_MODULES = YES;
				CLANG_ENABLE_OBJC_ARC = YES;
				CLANG_ENABLE_OBJC_WEAK = YES;
				CLANG_WARN_BLOCK_CAPTURE_AUTORELEASING = YES;
				CLANG_WARN_BOOL_CONVERSION = YES;
				CLANG_WARN_COMMA = YES;
				CLANG_WARN_CONSTANT_CONVERSION = YES;
				CLANG_WARN_DEPRECATED_OBJC_IMPLEMENTATIONS = YES;
				CLANG_WARN_DIRECT_OBJC_ISA_USAGE = YES_ERROR;
				CLANG_WARN_DOCUMENTATION_COMMENTS = YES;
				CLANG_WARN_EMPTY_BODY = YES;
				CLANG_WARN_ENUM_CONVERSION = YES;
				CLANG_WARN_INFINITE_RECURSION = YES;
				CLANG_WARN_INT_CONVERSION = YES;
				CLANG_WARN_NON_LITERAL_NULL_CONVERSION = YES;
				CLANG_WARN_OBJC_IMPLICIT_RETAIN_SELF = YES;
				CLANG_WARN_OBJC_LITERAL_CONVERSION = YES;
				CLANG_WARN_OBJC_ROOT_CLASS = YES_ERROR;
				CLANG_WARN_QUOTED_INCLUDE_IN_FRAMEWORK_HEADER = YES;
				CLANG_WARN_RANGE_LOOP_ANALYSIS = YES;
				CLANG_WARN_STRICT_PROTOTYPES = YES;
				CLANG_WARN_SUSPICIOUS_MOVE = YES;
				CLANG_WARN_UNGUARDED_AVAILABILITY = YES_AGGRESSIVE;
				CLANG_WARN_UNREACHABLE_CODE = YES;
				CLANG_WARN__DUPLICATE_METHOD_MATCH = YES;
				COPY_PHASE_STRIP = NO;
				DEBUG_INFORMATION_FORMAT = "dwarf-with-dsym";
				ENABLE_NS_ASSERTIONS = NO;
				ENABLE_STRICT_OBJC_MSGSEND = YES;
				ENABLE_USER_SCRIPT_SANDBOXING = YES;
				GCC_C_LANGUAGE_STANDARD = gnu17;
				GCC_NO_COMMON_BLOCKS = YES;
				GCC_WARN_64_TO_32_BIT_CONVERSION = YES;
				GCC_WARN_ABOUT_RETURN_TYPE = YES_ERROR;
				GCC_WARN_UNDECLARED_SELECTOR = YES;
				GCC_WARN_UNINITIALIZED_AUTOS = YES_AGGRESSIVE;
				GCC_WARN_UNUSED_FUNCTION = YES;
				GCC_WARN_UNUSED_VARIABLE = YES;
				IPHONEOS_DEPLOYMENT_TARGET = 18.4;
				LOCALIZATION_PREFERS_STRING_CATALOGS = YES;
				MTL_ENABLE_DEBUG_INFO = NO;
				MTL_FAST_MATH = YES;
				SDKROOT = iphoneos;
				SWIFT_COMPILATION_MODE = wholemodule;
				VALIDATE_PRODUCT = YES;
			};
			name = Release;
		};
		B95B5BC42E31C2B8006AFFA5 /* Debug */ = {
			isa = XCBuildConfiguration;
			buildSettings = {
				ASSETCATALOG_COMPILER_APPICON_NAME = AppIcon;
				ASSETCATALOG_COMPILER_GLOBAL_ACCENT_COLOR_NAME = AccentColor;
				CODE_SIGN_STYLE = Automatic;
				CURRENT_PROJECT_VERSION = 1;
				ENABLE_PREVIEWS = YES;
				GENERATE_INFOPLIST_FILE = YES;
				INFOPLIST_KEY_UIApplicationSceneManifest_Generation = YES;
				INFOPLIST_KEY_UIApplicationSupportsIndirectInputEvents = YES;
				INFOPLIST_KEY_UILaunchScreen_Generation = YES;
				INFOPLIST_KEY_UISupportedInterfaceOrientations_iPad = "UIInterfaceOrientationPortrait UIInterfaceOrientationPortraitUpsideDown UIInterfaceOrientationLandscapeLeft UIInterfaceOrientationLandscapeRight";
				INFOPLIST_KEY_UISupportedInterfaceOrientations_iPhone = "UIInterfaceOrientationPortrait UIInterfaceOrientationLandscapeLeft UIInterfaceOrientationLandscapeRight";
				LD_RUNPATH_SEARCH_PATHS = (
					"$(inherited)",
					"@executable_path/Frameworks",
				);
				MARKETING_VERSION = 1.0;
				PRODUCT_BUNDLE_IDENTIFIER = com.example.pomodoro;
				PRODUCT_NAME = "$(TARGET_NAME)";
				SWIFT_EMIT_LOC_STRINGS = YES;
				SWIFT_VERSION = 5.0;
				TARGETED_DEVICE_FAMILY = "1,2";
			};
			name = Debug;
		};
		B95B5BC52E31C2B8006AFFA5 /* Release */ = {
			isa = XCBuildConfiguration;
			buildSettings = {
				ASSETCATALOG_COMPILER_APPICON_NAME = AppIcon;
				ASSETCATALOG_COMPILER_GLOBAL_ACCENT_COLOR_NAME = AccentColor;
				CODE_SIGN_STYLE = Automatic;
				CURRENT_PROJECT_VERSION = 1;
				ENABLE_PREVIEWS = YES;
				GENERATE_INFOPLIST_FILE = YES;
				INFOPLIST_KEY_UIApplicationSceneManifest_Generation = YES;
				INFOPLIST_KEY_UIApplicationSupportsIndirectInputEvents = YES;
				INFOPLIST_KEY_UILaunchScreen_Generation = YES;
				INFOPLIST_KEY_UISupportedInterfaceOrientations_iPad = "UIInterfaceOrientationPortrait UIInterfaceOrientationPortraitUpsideDown UIInterfaceOrientationLandscapeLeft UIInterfaceOrientationLandscapeRight";
				INFOPLIST_KEY_UISupportedInterfaceOrientations_iPhone = "UIInterfaceOrientationPortrait UIInterfaceOrientationLandscapeLeft UIInterfaceOrientationLandscapeRight";
				LD_RUNPATH_SEARCH_PATHS = (
					"$(inherited)",
					"@executable_path/Frameworks",
				);
				MARKETING_VERSION = 1.0;
				PRODUCT_BUNDLE_IDENTIFIER = com.example.pomodoro;
				PRODUCT_NAME = "$(TARGET_NAME)";
				SWIFT_EMIT_LOC_STRINGS = YES;
				SWIFT_VERSION = 5.0;
				TARGETED_DEVICE_FAMILY = "1,2";
			};
			name = Release;
		};
		B95B5BC72E31C2B8006AFFA5 /* Debug */ = {
			isa = XCBuildConfiguration;
			buildSettings = {
				BUNDLE_LOADER = "$(TEST_HOST)";
				CODE_SIGN_STYLE = Automatic;
				CURRENT_PROJECT_VERSION = 1;
				GENERATE_INFOPLIST_FILE = YES;
				IPHONEOS_DEPLOYMENT_TARGET = 18.4;
				MARKETING_VERSION = 1.0;
				PRODUCT_BUNDLE_IDENTIFIER = com.example.pomodoroTests;
				PRODUCT_NAME = "$(TARGET_NAME)";
				SWIFT_EMIT_LOC_STRINGS = NO;
				SWIFT_VERSION = 5.0;
				TARGETED_DEVICE_FAMILY = "1,2";
				TEST_HOST = "$(BUILT_PRODUCTS_DIR)/pomodoro.app/$(BUNDLE_EXECUTABLE_FOLDER_PATH)/pomodoro";
			};
			name = Debug;
		};
		B95B5BC82E31C2B8006AFFA5 /* Release */ = {
			isa = XCBuildConfiguration;
			buildSettings = {
				BUNDLE_LOADER = "$(TEST_HOST)";
				CODE_SIGN_STYLE = Automatic;
				CURRENT_PROJECT_VERSION = 1;
				GENERATE_INFOPLIST_FILE = YES;
				IPHONEOS_DEPLOYMENT_TARGET = 18.4;
				MARKETING_VERSION = 1.0;
				PRODUCT_BUNDLE_IDENTIFIER = com.example.pomodoroTests;
				PRODUCT_NAME = "$(TARGET_NAME)";
				SWIFT_EMIT_LOC_STRINGS = NO;
				SWIFT_VERSION = 5.0;
				TARGETED_DEVICE_FAMILY = "1,2";
				TEST_HOST = "$(BUILT_PRODUCTS_DIR)/pomodoro.app/$(BUNDLE_EXECUTABLE_FOLDER_PATH)/pomodoro";
			};
			name = Release;
		};
		B95B5BCA2E31C2B8006AFFA5 /* Debug */ = {
			isa = XCBuildConfiguration;
			buildSettings = {
				CODE_SIGN_STYLE = Automatic;
				CURRENT_PROJECT_VERSION = 1;
				GENERATE_INFOPLIST_FILE = YES;
				MARKETING_VERSION = 1.0;
				PRODUCT_BUNDLE_IDENTIFIER = com.example.pomodoroUITests;
				PRODUCT_NAME = "$(TARGET_NAME)";
				SWIFT_EMIT_LOC_STRINGS = NO;
				SWIFT_VERSION = 5.0;
				TARGETED_DEVICE_FAMILY = "1,2";
				TEST_TARGET_NAME = pomodoro;
			};
			name = Debug;
		};
		B95B5BCB2E31C2B8006AFFA5 /* Release */ = {
			isa = XCBuildConfiguration;
			buildSettings = {
				CODE_SIGN_STYLE = Automatic;
				CURRENT_PROJECT_VERSION = 1;
				GENERATE_INFOPLIST_FILE = YES;
				MARKETING_VERSION = 1.0;
				PRODUCT_BUNDLE_IDENTIFIER = com.example.pomodoroUITests;
				PRODUCT_NAME = "$(TARGET_NAME)";
				SWIFT_EMIT_LOC_STRINGS = NO;
				SWIFT_VERSION = 5.0;
				TARGETED_DEVICE_FAMILY = "1,2";
				TEST_TARGET_NAME = pomodoro;
			};
			name = Release;
		};
/* End XCBuildConfiguration section */

/* Begin XCConfigurationList section */
		B95B5B9D2E31C2B7006AFFA5 /* Build configuration list for PBXProject "pomodoro" */ = {
			isa = XCConfigurationList;
			buildConfigurations = (
				B95B5BC12E31C2B8006AFFA5 /* Debug */,
				B95B5BC22E31C2B8006AFFA5 /* Release */,
			);
			defaultConfigurationIsVisible = 0;
			defaultConfigurationName = Release;
		};
		B95B5BC32E31C2B8006AFFA5 /* Build configuration list for PBXNativeTarget "pomodoro" */ = {
			isa = XCConfigurationList;
			buildConfigurations = (
				B95B5BC42E31C2B8006AFFA5 /* Debug */,
				B95B5BC52E31C2B8006AFFA5 /* Release */,
			);
			defaultConfigurationIsVisible = 0;
			defaultConfigurationName = Release;
		};
		B95B5BC62E31C2B8006AFFA5 /* Build configuration list for PBXNativeTarget "pomodoroTests" */ = {
			isa = XCConfigurationList;
			buildConfigurations = (
				B95B5BC72E31C2B8006AFFA5 /* Debug */,
				B95B5BC82E31C2B8006AFFA5 /* Release */,
			);
			defaultConfigurationIsVisible = 0;
			defaultConfigurationName = Release;
		};
		B95B5BC92E31C2B8006AFFA5 /* Build configuration list for PBXNativeTarget "pomodoroUITests" */ = {
			isa = XCConfigurationList;
			buildConfigurations = (
				B95B5BCA2E31C2B8006AFFA5 /* Debug */,
				B95B5BCB2E31C2B8006AFFA5 /* Release */,
			);
			defaultConfigurationIsVisible = 0;
			defaultConfigurationName = Release;
		};
/* End XCConfigurationList section */
	};
	rootObject = B95B5B9A2E31C2B7006AFFA5 /* Project object */;
}
